
Microsoft Visual Studio Solution File, Format Version 12.00
# Visual Studio Version 17
VisualStudioVersion = 17.12.35527.113
MinimumVisualStudioVersion = 10.0.40219.1
Project("{8BC9CEB8-8B4A-11D0-8D11-00A0C91BC942}") = "Vektor", "Vektor.vcxproj", "{26497025-BBBD-438B-AF02-6F91EB4B6953}"
EndProject
Project("{8BC9CEB8-8B4A-11D0-8D11-00A0C91BC942}") = "VektorTest", "..\VektorTest\VektorTest.vcxproj", "{79F7ADB9-D144-44DD-8882-7F409476FAE0}"
EndProject
Global
	GlobalSection(SolutionConfigurationPlatforms) = preSolution
		Debug|x64 = Debug|x64
		Debug|x86 = Debug|x86
		Release|x64 = Release|x64
		Release|x86 = Release|x86
	EndGlobalSection
	GlobalSection(ProjectConfigurationPlatforms) = postSolution
		{26497025-BBBD-438B-AF02-6F91EB4B6953}.Debug|x64.ActiveCfg = Debug|x64
		{26497025-BBBD-438B-AF02-6F91EB4B6953}.Debug|x64.Build.0 = Debug|x64
		{26497025-BBBD-438B-AF02-6F91EB4B6953}.Debug|x86.ActiveCfg = Debug|Win32
		{26497025-BBBD-438B-AF02-6F91EB4B6953}.Debug|x86.Build.0 = Debug|Win32
		{26497025-BBBD-438B-AF02-6F91EB4B6953}.Release|x64.ActiveCfg = Release|x64
		{26497025-BBBD-438B-AF02-6F91EB4B6953}.Release|x64.Build.0 = Release|x64
		{26497025-BBBD-438B-AF02-6F91EB4B6953}.Release|x86.ActiveCfg = Release|Win32
		{26497025-BBBD-438B-AF02-6F91EB4B6953}.Release|x86.Build.0 = Release|Win32
		{79F7ADB9-D144-44DD-8882-7F409476FAE0}.Debug|x64.ActiveCfg = Debug|x64
		{79F7ADB9-D144-44DD-8882-7F409476FAE0}.Debug|x64.Build.0 = Debug|x64
		{79F7ADB9-D144-44DD-8882-7F409476FAE0}.Debug|x86.ActiveCfg = Debug|Win32
		{79F7ADB9-D144-44DD-8882-7F409476FAE0}.Debug|x86.Build.0 = Debug|Win32
		{79F7ADB9-D144-44DD-8882-7F409476FAE0}.Release|x64.ActiveCfg = Release|x64
		{79F7ADB9-D144-44DD-8882-7F409476FAE0}.Release|x64.Build.0 = Release|x64
		{79F7ADB9-D144-44DD-8882-7F409476FAE0}.Release|x86.ActiveCfg = Release|Win32
		{79F7ADB9-D144-44DD-8882-7F409476FAE0}.Release|x86.Build.0 = Release|Win32
	EndGlobalSection
	GlobalSection(SolutionProperties) = preSolution
		HideSolutionNode = FALSE
	EndGlobalSection
EndGlobal
